
Microsoft Visual Studio Solution File, Format Version 12.00
# Visual Studio Version 17
VisualStudioVersion = 17.7.34221.43
MinimumVisualStudioVersion = 10.0.40219.1
Project("{FAE04EC0-301F-11D3-BF4B-00C04F79EFBC}") = "bookProject", "bookProject.csproj", "{49379E6C-CF70-4EA4-87BB-2ABDCF995557}"
EndProject
Global
	GlobalSection(SolutionConfigurationPlatforms) = preSolution
		Debug|Any CPU = Debug|Any CPU
		Release|Any CPU = Release|Any CPU
	EndGlobalSection
	GlobalSection(ProjectConfigurationPlatforms) = postSolution
		{49379E6C-CF70-4EA4-87BB-2ABDCF995557}.Debug|Any CPU.ActiveCfg = Debug|Any CPU
		{49379E6C-CF70-4EA4-87BB-2ABDCF995557}.Debug|Any CPU.Build.0 = Debug|Any CPU
		{49379E6C-CF70-4EA4-87BB-2ABDCF995557}.Release|Any CPU.ActiveCfg = Release|Any CPU
		{49379E6C-CF70-4EA4-87BB-2ABDCF995557}.Release|Any CPU.Build.0 = Release|Any CPU
	EndGlobalSection
	GlobalSection(SolutionProperties) = preSolution
		HideSolutionNode = FALSE
	EndGlobalSection
	GlobalSection(ExtensibilityGlobals) = postSolution
		SolutionGuid = {B026C684-8ABF-43E4-8AB1-6F4D7FD45830}
	EndGlobalSection
EndGlobal
